
Microsoft Visual Studio Solution File, Format Version 12.00
# Visual Studio 2013
VisualStudioVersion = 12.0.30723.0
MinimumVisualStudioVersion = 10.0.40219.1
Project("{FAE04EC0-301F-11D3-BF4B-00C04F79EFBC}") = "Tessnet2CaptchaDemo", "Tessnet2CaptchaDemo\Tessnet2CaptchaDemo.csproj", "{9D97A8E5-B63E-4F1F-8D03-2A122FA283C4}"
EndProject
Global
	GlobalSection(SolutionConfigurationPlatforms) = preSolution
		Debug|Any CPU = Debug|Any CPU
		Debug|x64 = Debug|x64
		Release|Any CPU = Release|Any CPU
		Release|x64 = Release|x64
	EndGlobalSection
	GlobalSection(ProjectConfigurationPlatforms) = postSolution
		{9D97A8E5-B63E-4F1F-8D03-2A122FA283C4}.Debug|Any CPU.ActiveCfg = Debug|Any CPU
		{9D97A8E5-B63E-4F1F-8D03-2A122FA283C4}.Debug|Any CPU.Build.0 = Debug|Any CPU
		{9D97A8E5-B63E-4F1F-8D03-2A122FA283C4}.Debug|x64.ActiveCfg = Debug|x64
		{9D97A8E5-B63E-4F1F-8D03-2A122FA283C4}.Debug|x64.Build.0 = Debug|x64
		{9D97A8E5-B63E-4F1F-8D03-2A122FA283C4}.Release|Any CPU.ActiveCfg = Release|Any CPU
		{9D97A8E5-B63E-4F1F-8D03-2A122FA283C4}.Release|Any CPU.Build.0 = Release|Any CPU
		{9D97A8E5-B63E-4F1F-8D03-2A122FA283C4}.Release|x64.ActiveCfg = Release|x64
		{9D97A8E5-B63E-4F1F-8D03-2A122FA283C4}.Release|x64.Build.0 = Release|x64
	EndGlobalSection
	GlobalSection(SolutionProperties) = preSolution
		HideSolutionNode = FALSE
	EndGlobalSection
EndGlobal
